
Microsoft Visual Studio Solution File, Format Version 12.00
# Visual Studio Version 16
VisualStudioVersion = 16.0.30907.101
MinimumVisualStudioVersion = 10.0.40219.1
Project("{FAE04EC0-301F-11D3-BF4B-00C04F79EFBC}") = "ConsoleApp1", "ConsoleApp1\ConsoleApp1.csproj", "{770C8349-A243-4293-892E-5B10CFA25225}"
EndProject
Global
	GlobalSection(SolutionConfigurationPlatforms) = preSolution
		Debug|Any CPU = Debug|Any CPU
		Release|Any CPU = Release|Any CPU
	EndGlobalSection
	GlobalSection(ProjectConfigurationPlatforms) = postSolution
		{770C8349-A243-4293-892E-5B10CFA25225}.Debug|Any CPU.ActiveCfg = Debug|Any CPU
		{770C8349-A243-4293-892E-5B10CFA25225}.Debug|Any CPU.Build.0 = Debug|Any CPU
		{770C8349-A243-4293-892E-5B10CFA25225}.Release|Any CPU.ActiveCfg = Release|Any CPU
		{770C8349-A243-4293-892E-5B10CFA25225}.Release|Any CPU.Build.0 = Release|Any CPU
	EndGlobalSection
	GlobalSection(SolutionProperties) = preSolution
		HideSolutionNode = FALSE
	EndGlobalSection
	GlobalSection(ExtensibilityGlobals) = postSolution
		SolutionGuid = {9AF4C4E9-85F7-4145-9482-6578EBFD65F6}
	EndGlobalSection
EndGlobal
